# @generated - this file is auto-generated by `mise lock` https://mise.en.dev/dev-tools/mise-lock.html

[[tools."cargo:cargo-llvm-cov"]]
version = "0.8.7"
backend = "cargo:cargo-llvm-cov"

[[tools."cargo:cargo-nextest"]]
version = "0.9.136"
backend = "cargo:cargo-nextest"

[[tools."cargo:cargo-release"]]
version = "1.1.2"
backend = "cargo:cargo-release"

[[tools.gh]]
version = "2.96.0"
backend = "aqua:cli/cli"

[[tools.git-cliff]]
version = "2.13.1"
backend = "aqua:orhun/git-cliff"

[[tools."github:axodotdev/cargo-dist"]]
version = "0.31.0"
backend = "github:axodotdev/cargo-dist"
